Microsoft Visual Studio Solution File, Format Version 12.00
# Visual Studio 2012
Project("{FAE04EC0-301F-11D3-BF4B-00C04F79EFBC}") = "Itenso.Rtf", "src/Itenso.Rtf.csproj", "{C0B205D3-314E-44E7-B658-23229AF6671E}"
EndProject
Global
	GlobalSection(SolutionConfigurationPlatforms) = preSolution
		Debug|AnyCPU = Debug|AnyCPU
		Release|AnyCPU = Release|AnyCPU
	EndGlobalSection
	GlobalSection(ProjectConfigurationPlatforms) = postSolution
		{C0B205D3-314E-44E7-B658-23229AF6671E}.Debug|AnyCPU.ActiveCfg = Debug|AnyCPU
		{C0B205D3-314E-44E7-B658-23229AF6671E}.Debug|AnyCPU.Build.0 = Debug|AnyCPU
		{C0B205D3-314E-44E7-B658-23229AF6671E}.Release|AnyCPU.ActiveCfg = Release|AnyCPU
		{C0B205D3-314E-44E7-B658-23229AF6671E}.Release|AnyCPU.Build.0 = Release|AnyCPU
	EndGlobalSection
	GlobalSection(SolutionProperties) = preSolution
		HideSolutionNode = FALSE
	EndGlobalSection
EndGlobal
